
Microsoft Visual Studio Solution File, Format Version 12.00
Project("{FAE04EC0-301F-11D3-BF4B-00C04F79EFBC}") = "Texnokaktus.ProgOlymp.Common.Contracts", "Texnokaktus.ProgOlymp.Common.Contracts\Texnokaktus.ProgOlymp.Common.Contracts.csproj", "{CCF4F957-B81F-470F-9499-D9A2146A1131}"
EndProject
Global
	GlobalSection(SolutionConfigurationPlatforms) = preSolution
		Debug|Any CPU = Debug|Any CPU
		Release|Any CPU = Release|Any CPU
	EndGlobalSection
	GlobalSection(ProjectConfigurationPlatforms) = postSolution
		{CCF4F957-B81F-470F-9499-D9A2146A1131}.Debug|Any CPU.ActiveCfg = Debug|Any CPU
		{CCF4F957-B81F-470F-9499-D9A2146A1131}.Debug|Any CPU.Build.0 = Debug|Any CPU
		{CCF4F957-B81F-470F-9499-D9A2146A1131}.Release|Any CPU.ActiveCfg = Release|Any CPU
		{CCF4F957-B81F-470F-9499-D9A2146A1131}.Release|Any CPU.Build.0 = Release|Any CPU
	EndGlobalSection
EndGlobal
